
Microsoft Visual Studio Solution File, Format Version 12.00
# Visual Studio Version 17
VisualStudioVersion = 17.0.31903.59
MinimumVisualStudioVersion = 10.0.40219.1
Project("{2150E333-8FDC-42A3-9474-1A3956D46DE8}") = "src", "src", "{29D3ECCD-6CEE-45B5-B3AA-F9E5DFCB1D13}"
EndProject
Project("{2150E333-8FDC-42A3-9474-1A3956D46DE8}") = "Tcp", "Tcp", "{019FF65D-08FD-434F-97EC-881B929F7658}"
EndProject
Project("{FAE04EC0-301F-11D3-BF4B-00C04F79EFBC}") = "Tcp.Client", "src\Tcp\Tcp.Client\Tcp.Client.csproj", "{219B8610-B253-46CB-9D06-A22E424CB481}"
EndProject
Project("{FAE04EC0-301F-11D3-BF4B-00C04F79EFBC}") = "Tcp.Server", "src\Tcp\Tcp.Server\Tcp.Server.csproj", "{B05C4373-C9A4-4746-8980-137D4EC4BCB2}"
EndProject
Project("{2150E333-8FDC-42A3-9474-1A3956D46DE8}") = "Udp", "Udp", "{8B814F1A-8B8C-478A-A15D-E0F2F8DDC0DE}"
EndProject
Project("{FAE04EC0-301F-11D3-BF4B-00C04F79EFBC}") = "Udp.Server", "src\Udp\Udp.Server\Udp.Server.csproj", "{A0A4A8DD-9528-49BD-91AD-E692DCDDA3CA}"
EndProject
Project("{FAE04EC0-301F-11D3-BF4B-00C04F79EFBC}") = "Udp.Client", "src\Udp\Udp.Client\Udp.Client.csproj", "{BCF4BE83-A1E1-418B-B5C1-3DFEB8575924}"
EndProject
Global
	GlobalSection(SolutionConfigurationPlatforms) = preSolution
		Debug|Any CPU = Debug|Any CPU
		Release|Any CPU = Release|Any CPU
	EndGlobalSection
	GlobalSection(SolutionProperties) = preSolution
		HideSolutionNode = FALSE
	EndGlobalSection
	GlobalSection(ProjectConfigurationPlatforms) = postSolution
		{219B8610-B253-46CB-9D06-A22E424CB481}.Debug|Any CPU.ActiveCfg = Debug|Any CPU
		{219B8610-B253-46CB-9D06-A22E424CB481}.Debug|Any CPU.Build.0 = Debug|Any CPU
		{219B8610-B253-46CB-9D06-A22E424CB481}.Release|Any CPU.ActiveCfg = Release|Any CPU
		{219B8610-B253-46CB-9D06-A22E424CB481}.Release|Any CPU.Build.0 = Release|Any CPU
		{B05C4373-C9A4-4746-8980-137D4EC4BCB2}.Debug|Any CPU.ActiveCfg = Debug|Any CPU
		{B05C4373-C9A4-4746-8980-137D4EC4BCB2}.Debug|Any CPU.Build.0 = Debug|Any CPU
		{B05C4373-C9A4-4746-8980-137D4EC4BCB2}.Release|Any CPU.ActiveCfg = Release|Any CPU
		{B05C4373-C9A4-4746-8980-137D4EC4BCB2}.Release|Any CPU.Build.0 = Release|Any CPU
		{A0A4A8DD-9528-49BD-91AD-E692DCDDA3CA}.Debug|Any CPU.ActiveCfg = Debug|Any CPU
		{A0A4A8DD-9528-49BD-91AD-E692DCDDA3CA}.Debug|Any CPU.Build.0 = Debug|Any CPU
		{A0A4A8DD-9528-49BD-91AD-E692DCDDA3CA}.Release|Any CPU.ActiveCfg = Release|Any CPU
		{A0A4A8DD-9528-49BD-91AD-E692DCDDA3CA}.Release|Any CPU.Build.0 = Release|Any CPU
		{BCF4BE83-A1E1-418B-B5C1-3DFEB8575924}.Debug|Any CPU.ActiveCfg = Debug|Any CPU
		{BCF4BE83-A1E1-418B-B5C1-3DFEB8575924}.Debug|Any CPU.Build.0 = Debug|Any CPU
		{BCF4BE83-A1E1-418B-B5C1-3DFEB8575924}.Release|Any CPU.ActiveCfg = Release|Any CPU
		{BCF4BE83-A1E1-418B-B5C1-3DFEB8575924}.Release|Any CPU.Build.0 = Release|Any CPU
	EndGlobalSection
	GlobalSection(NestedProjects) = preSolution
		{019FF65D-08FD-434F-97EC-881B929F7658} = {29D3ECCD-6CEE-45B5-B3AA-F9E5DFCB1D13}
		{219B8610-B253-46CB-9D06-A22E424CB481} = {019FF65D-08FD-434F-97EC-881B929F7658}
		{B05C4373-C9A4-4746-8980-137D4EC4BCB2} = {019FF65D-08FD-434F-97EC-881B929F7658}
		{8B814F1A-8B8C-478A-A15D-E0F2F8DDC0DE} = {29D3ECCD-6CEE-45B5-B3AA-F9E5DFCB1D13}
		{A0A4A8DD-9528-49BD-91AD-E692DCDDA3CA} = {8B814F1A-8B8C-478A-A15D-E0F2F8DDC0DE}
		{BCF4BE83-A1E1-418B-B5C1-3DFEB8575924} = {8B814F1A-8B8C-478A-A15D-E0F2F8DDC0DE}
	EndGlobalSection
EndGlobal
